
Microsoft Visual Studio Solution File, Format Version 12.00
# Visual Studio Version 16
VisualStudioVersion = 16.0.31702.278
MinimumVisualStudioVersion = 10.0.40219.1
Project("{FAE04EC0-301F-11D3-BF4B-00C04F79EFBC}") = "MultiThreadedPictureDownload", "MultiThreadedPictureDownload\MultiThreadedPictureDownload.csproj", "{0957090C-C663-4F56-B483-58FDE4EC296A}"
EndProject
Global
	GlobalSection(SolutionConfigurationPlatforms) = preSolution
		Debug|Any CPU = Debug|Any CPU
		Release|Any CPU = Release|Any CPU
	EndGlobalSection
	GlobalSection(ProjectConfigurationPlatforms) = postSolution
		{0957090C-C663-4F56-B483-58FDE4EC296A}.Debug|Any CPU.ActiveCfg = Debug|Any CPU
		{0957090C-C663-4F56-B483-58FDE4EC296A}.Debug|Any CPU.Build.0 = Debug|Any CPU
		{0957090C-C663-4F56-B483-58FDE4EC296A}.Release|Any CPU.ActiveCfg = Release|Any CPU
		{0957090C-C663-4F56-B483-58FDE4EC296A}.Release|Any CPU.Build.0 = Release|Any CPU
	EndGlobalSection
	GlobalSection(SolutionProperties) = preSolution
		HideSolutionNode = FALSE
	EndGlobalSection
	GlobalSection(ExtensibilityGlobals) = postSolution
		SolutionGuid = {5A715343-3B13-4E10-9079-37CE50E1DE17}
	EndGlobalSection
EndGlobal
